
Microsoft Visual Studio Solution File, Format Version 12.00
# Visual Studio Version 17
VisualStudioVersion = 17.4.33110.190
MinimumVisualStudioVersion = 10.0.40219.1
Project("{FAE04EC0-301F-11D3-BF4B-00C04F79EFBC}") = "29-11 tasks", "29-11 tasks.csproj", "{7A1554D0-066F-4174-A011-0AFB74EF2BA9}"
EndProject
Global
	GlobalSection(SolutionConfigurationPlatforms) = preSolution
		Debug|Any CPU = Debug|Any CPU
		Release|Any CPU = Release|Any CPU
	EndGlobalSection
	GlobalSection(ProjectConfigurationPlatforms) = postSolution
		{7A1554D0-066F-4174-A011-0AFB74EF2BA9}.Debug|Any CPU.ActiveCfg = Debug|Any CPU
		{7A1554D0-066F-4174-A011-0AFB74EF2BA9}.Debug|Any CPU.Build.0 = Debug|Any CPU
		{7A1554D0-066F-4174-A011-0AFB74EF2BA9}.Release|Any CPU.ActiveCfg = Release|Any CPU
		{7A1554D0-066F-4174-A011-0AFB74EF2BA9}.Release|Any CPU.Build.0 = Release|Any CPU
	EndGlobalSection
	GlobalSection(SolutionProperties) = preSolution
		HideSolutionNode = FALSE
	EndGlobalSection
	GlobalSection(ExtensibilityGlobals) = postSolution
		SolutionGuid = {821E2BA5-B00E-4366-9371-C547611AFB4A}
	EndGlobalSection
EndGlobal
