
Microsoft Visual Studio Solution File, Format Version 12.00
# Visual Studio Version 17
VisualStudioVersion = 17.4.33110.190
MinimumVisualStudioVersion = 10.0.40219.1
Project("{FAE04EC0-301F-11D3-BF4B-00C04F79EFBC}") = "task1", "task1.csproj", "{495588B1-4F5D-4848-B320-40914C6D2862}"
EndProject
Global
	GlobalSection(SolutionConfigurationPlatforms) = preSolution
		Debug|Any CPU = Debug|Any CPU
		Release|Any CPU = Release|Any CPU
	EndGlobalSection
	GlobalSection(ProjectConfigurationPlatforms) = postSolution
		{495588B1-4F5D-4848-B320-40914C6D2862}.Debug|Any CPU.ActiveCfg = Debug|Any CPU
		{495588B1-4F5D-4848-B320-40914C6D2862}.Debug|Any CPU.Build.0 = Debug|Any CPU
		{495588B1-4F5D-4848-B320-40914C6D2862}.Release|Any CPU.ActiveCfg = Release|Any CPU
		{495588B1-4F5D-4848-B320-40914C6D2862}.Release|Any CPU.Build.0 = Release|Any CPU
	EndGlobalSection
	GlobalSection(SolutionProperties) = preSolution
		HideSolutionNode = FALSE
	EndGlobalSection
	GlobalSection(ExtensibilityGlobals) = postSolution
		SolutionGuid = {A19F259D-34B2-47B5-9547-B981B93D4B28}
	EndGlobalSection
EndGlobal
